dependencies:
- name: multus
  repository: file://charts/multus
  version: 0.1.0
- name: sriov-device-plugin
  repository: file://charts/sriov-device-plugin
  version: 0.1.0
- name: servicechainset-controller
  repository: file://charts/servicechainset-controller
  version: 0.1.0
- name: nvidia-k8s-ipam
  repository: file://charts/nvidia-k8s-ipam
  version: 0.1.0
- name: ovs-cni
  repository: file://charts/ovs-cni
  version: 0.1.0
- name: sfc-controller
  repository: file://charts/sfc-controller
  version: 0.1.0
- name: flannel
  repository: https://flannel-io.github.io/flannel
  version: v0.27.2
digest: sha256:c7c91a25a30921346215f174ea2f2fd4fab9ed95dd0760fa2bee630ca9083c5a
generated: "2025-08-07T18:26:26.14682+02:00"
